
Microsoft Visual Studio Solution File, Format Version 12.00
# Visual Studio 15
VisualStudioVersion = 15.0.27703.2047
MinimumVisualStudioVersion = 10.0.40219.1
Project("{8BC9CEB8-8B4A-11D0-8D11-00A0C91BC942}") = "面积计算器", "面积计算器\面积计算器.vcxproj", "{4983F8BC-D602-43EC-BAF0-77DFB637234E}"
EndProject
Project("{8BC9CEB8-8B4A-11D0-8D11-00A0C91BC942}") = "3", "..\3\3\3.vcxproj", "{12C4AC7C-C599-4D85-9A04-A03A7E860195}"
EndProject
Global
	GlobalSection(SolutionConfigurationPlatforms) = preSolution
		Debug|x64 = Debug|x64
		Debug|x86 = Debug|x86
		Release|x64 = Release|x64
		Release|x86 = Release|x86
	EndGlobalSection
	GlobalSection(ProjectConfigurationPlatforms) = postSolution
		{4983F8BC-D602-43EC-BAF0-77DFB637234E}.Debug|x64.ActiveCfg = Debug|x64
		{4983F8BC-D602-43EC-BAF0-77DFB637234E}.Debug|x64.Build.0 = Debug|x64
		{4983F8BC-D602-43EC-BAF0-77DFB637234E}.Debug|x86.ActiveCfg = Debug|Win32
		{4983F8BC-D602-43EC-BAF0-77DFB637234E}.Debug|x86.Build.0 = Debug|Win32
		{4983F8BC-D602-43EC-BAF0-77DFB637234E}.Release|x64.ActiveCfg = Release|x64
		{4983F8BC-D602-43EC-BAF0-77DFB637234E}.Release|x64.Build.0 = Release|x64
		{4983F8BC-D602-43EC-BAF0-77DFB637234E}.Release|x86.ActiveCfg = Release|Win32
		{4983F8BC-D602-43EC-BAF0-77DFB637234E}.Release|x86.Build.0 = Release|Win32
		{12C4AC7C-C599-4D85-9A04-A03A7E860195}.Debug|x64.ActiveCfg = Debug|x64
		{12C4AC7C-C599-4D85-9A04-A03A7E860195}.Debug|x64.Build.0 = Debug|x64
		{12C4AC7C-C599-4D85-9A04-A03A7E860195}.Debug|x86.ActiveCfg = Debug|Win32
		{12C4AC7C-C599-4D85-9A04-A03A7E860195}.Debug|x86.Build.0 = Debug|Win32
		{12C4AC7C-C599-4D85-9A04-A03A7E860195}.Release|x64.ActiveCfg = Release|x64
		{12C4AC7C-C599-4D85-9A04-A03A7E860195}.Release|x64.Build.0 = Release|x64
		{12C4AC7C-C599-4D85-9A04-A03A7E860195}.Release|x86.ActiveCfg = Release|Win32
		{12C4AC7C-C599-4D85-9A04-A03A7E860195}.Release|x86.Build.0 = Release|Win32
	EndGlobalSection
	GlobalSection(SolutionProperties) = preSolution
		HideSolutionNode = FALSE
	EndGlobalSection
	GlobalSection(ExtensibilityGlobals) = postSolution
		SolutionGuid = {C252F183-8EAE-4E14-82D0-8E082D7F36F2}
	EndGlobalSection
EndGlobal
